
Microsoft Visual Studio Solution File, Format Version 12.00
# Visual Studio Version 17
VisualStudioVersion = 17.4.33213.308
MinimumVisualStudioVersion = 10.0.40219.1
Project("{8BC9CEB8-8B4A-11D0-8D11-00A0C91BC942}") = "Adventure", "Adventure.vcxproj", "{7F9C8D26-92C0-4B28-98F2-7B0E77CB531F}"
EndProject
Global
	GlobalSection(SolutionConfigurationPlatforms) = preSolution
		Debug|x64 = Debug|x64
		Debug|x86 = Debug|x86
		Release|x64 = Release|x64
		Release|x86 = Release|x86
	EndGlobalSection
	GlobalSection(ProjectConfigurationPlatforms) = postSolution
		{7F9C8D26-92C0-4B28-98F2-7B0E77CB531F}.Debug|x64.ActiveCfg = Debug|x64
		{7F9C8D26-92C0-4B28-98F2-7B0E77CB531F}.Debug|x64.Build.0 = Debug|x64
		{7F9C8D26-92C0-4B28-98F2-7B0E77CB531F}.Debug|x86.ActiveCfg = Debug|Win32
		{7F9C8D26-92C0-4B28-98F2-7B0E77CB531F}.Debug|x86.Build.0 = Debug|Win32
		{7F9C8D26-92C0-4B28-98F2-7B0E77CB531F}.Release|x64.ActiveCfg = Release|x64
		{7F9C8D26-92C0-4B28-98F2-7B0E77CB531F}.Release|x64.Build.0 = Release|x64
		{7F9C8D26-92C0-4B28-98F2-7B0E77CB531F}.Release|x86.ActiveCfg = Release|Win32
		{7F9C8D26-92C0-4B28-98F2-7B0E77CB531F}.Release|x86.Build.0 = Release|Win32
	EndGlobalSection
	GlobalSection(SolutionProperties) = preSolution
		HideSolutionNode = FALSE
	EndGlobalSection
	GlobalSection(ExtensibilityGlobals) = postSolution
		SolutionGuid = {778E0DA9-653E-4513-B6EF-2FD5A85A9320}
	EndGlobalSection
EndGlobal
